
Microsoft Visual Studio Solution File, Format Version 12.00
# Visual Studio 15
VisualStudioVersion = 15.0.26730.12
MinimumVisualStudioVersion = 10.0.40219.1
Project("{FAE04EC0-301F-11D3-BF4B-00C04F79EFBC}") = "FollowUpService", "FollowUp\FollowUpService.csproj", "{C30A1707-9E79-4C5C-BCC6-3C8F053898B2}"
EndProject
Project("{FAE04EC0-301F-11D3-BF4B-00C04F79EFBC}") = "InternalTool", "InternalTool\InternalTool.csproj", "{F4878722-924E-4076-B6B0-5241C48E3222}"
EndProject
Global
	GlobalSection(SolutionConfigurationPlatforms) = preSolution
		Debug|Any CPU = Debug|Any CPU
		Release|Any CPU = Release|Any CPU
	EndGlobalSection
	GlobalSection(ProjectConfigurationPlatforms) = postSolution
		{C30A1707-9E79-4C5C-BCC6-3C8F053898B2}.Debug|Any CPU.ActiveCfg = Debug|Any CPU
		{C30A1707-9E79-4C5C-BCC6-3C8F053898B2}.Debug|Any CPU.Build.0 = Debug|Any CPU
		{C30A1707-9E79-4C5C-BCC6-3C8F053898B2}.Release|Any CPU.ActiveCfg = Release|Any CPU
		{C30A1707-9E79-4C5C-BCC6-3C8F053898B2}.Release|Any CPU.Build.0 = Release|Any CPU
		{F4878722-924E-4076-B6B0-5241C48E3222}.Debug|Any CPU.ActiveCfg = Debug|Any CPU
		{F4878722-924E-4076-B6B0-5241C48E3222}.Debug|Any CPU.Build.0 = Debug|Any CPU
		{F4878722-924E-4076-B6B0-5241C48E3222}.Release|Any CPU.ActiveCfg = Release|Any CPU
		{F4878722-924E-4076-B6B0-5241C48E3222}.Release|Any CPU.Build.0 = Release|Any CPU
	EndGlobalSection
	GlobalSection(SolutionProperties) = preSolution
		HideSolutionNode = FALSE
	EndGlobalSection
	GlobalSection(ExtensibilityGlobals) = postSolution
		SolutionGuid = {44A87607-D732-4C3C-8153-FA8AD30CE95F}
	EndGlobalSection
EndGlobal
