
Microsoft Visual Studio Solution File, Format Version 12.00
# Visual Studio 15
VisualStudioVersion = 15.0.27004.2005
MinimumVisualStudioVersion = 10.0.40219.1
Project("{FAE04EC0-301F-11D3-BF4B-00C04F79EFBC}") = "ForumUsers", "ForumUsers\ForumUsers.csproj", "{CA62C5F3-138E-49A5-9F69-0930D8A27F86}"
EndProject
Global
	GlobalSection(SolutionConfigurationPlatforms) = preSolution
		Debug|Any CPU = Debug|Any CPU
		Release|Any CPU = Release|Any CPU
	EndGlobalSection
	GlobalSection(ProjectConfigurationPlatforms) = postSolution
		{CA62C5F3-138E-49A5-9F69-0930D8A27F86}.Debug|Any CPU.ActiveCfg = Debug|Any CPU
		{CA62C5F3-138E-49A5-9F69-0930D8A27F86}.Debug|Any CPU.Build.0 = Debug|Any CPU
		{CA62C5F3-138E-49A5-9F69-0930D8A27F86}.Release|Any CPU.ActiveCfg = Release|Any CPU
		{CA62C5F3-138E-49A5-9F69-0930D8A27F86}.Release|Any CPU.Build.0 = Release|Any CPU
	EndGlobalSection
	GlobalSection(SolutionProperties) = preSolution
		HideSolutionNode = FALSE
	EndGlobalSection
	GlobalSection(ExtensibilityGlobals) = postSolution
		SolutionGuid = {852FEC83-02C8-4CC2-80B6-517865AE5A5D}
	EndGlobalSection
EndGlobal
